
Microsoft Visual Studio Solution File, Format Version 12.00
# Visual Studio 15
VisualStudioVersion = 15.0.28307.168
MinimumVisualStudioVersion = 10.0.40219.1
Project("{FAE04EC0-301F-11D3-BF4B-00C04F79EFBC}") = "MartinParkerAngularCV", "MartinParkerAngularCV\MartinParkerAngularCV.csproj", "{4259D0E4-41AB-4277-8E3E-AC802B462F7D}"
EndProject
Global
	GlobalSection(SolutionConfigurationPlatforms) = preSolution
		Debug|Any CPU = Debug|Any CPU
		Release|Any CPU = Release|Any CPU
	EndGlobalSection
	GlobalSection(ProjectConfigurationPlatforms) = postSolution
		{4259D0E4-41AB-4277-8E3E-AC802B462F7D}.Debug|Any CPU.ActiveCfg = Debug|Any CPU
		{4259D0E4-41AB-4277-8E3E-AC802B462F7D}.Debug|Any CPU.Build.0 = Debug|Any CPU
		{4259D0E4-41AB-4277-8E3E-AC802B462F7D}.Release|Any CPU.ActiveCfg = Release|Any CPU
		{4259D0E4-41AB-4277-8E3E-AC802B462F7D}.Release|Any CPU.Build.0 = Release|Any CPU
	EndGlobalSection
	GlobalSection(SolutionProperties) = preSolution
		HideSolutionNode = FALSE
	EndGlobalSection
	GlobalSection(ExtensibilityGlobals) = postSolution
		SolutionGuid = {615AF533-95BF-4DC2-AF2A-A2F8C73D23B9}
	EndGlobalSection
EndGlobal
